
Microsoft Visual Studio Solution File, Format Version 12.00
# Visual Studio Version 17
VisualStudioVersion = 17.9.34728.123
MinimumVisualStudioVersion = 10.0.40219.1
Project("{9A19103F-16F7-4668-BE54-9A1E7A4F7556}") = "ShopAppLib", "ShopAppLib\ShopAppLib.csproj", "{B2BE99E8-B62C-476D-9504-5C65F60761E9}"
EndProject
Project("{FAE04EC0-301F-11D3-BF4B-00C04F79EFBC}") = "ShopApp.Maui", "ShopApp.Maui\ShopApp.Maui.csproj", "{160205E8-E9D6-4AFC-B0DA-C3124256E314}"
EndProject
Global
	GlobalSection(SolutionConfigurationPlatforms) = preSolution
		Debug|Any CPU = Debug|Any CPU
		Release|Any CPU = Release|Any CPU
	EndGlobalSection
	GlobalSection(ProjectConfigurationPlatforms) = postSolution
		{B2BE99E8-B62C-476D-9504-5C65F60761E9}.Debug|Any CPU.ActiveCfg = Debug|Any CPU
		{B2BE99E8-B62C-476D-9504-5C65F60761E9}.Debug|Any CPU.Build.0 = Debug|Any CPU
		{B2BE99E8-B62C-476D-9504-5C65F60761E9}.Release|Any CPU.ActiveCfg = Release|Any CPU
		{B2BE99E8-B62C-476D-9504-5C65F60761E9}.Release|Any CPU.Build.0 = Release|Any CPU
		{160205E8-E9D6-4AFC-B0DA-C3124256E314}.Debug|Any CPU.ActiveCfg = Debug|Any CPU
		{160205E8-E9D6-4AFC-B0DA-C3124256E314}.Debug|Any CPU.Build.0 = Debug|Any CPU
		{160205E8-E9D6-4AFC-B0DA-C3124256E314}.Debug|Any CPU.Deploy.0 = Debug|Any CPU
		{160205E8-E9D6-4AFC-B0DA-C3124256E314}.Release|Any CPU.ActiveCfg = Release|Any CPU
		{160205E8-E9D6-4AFC-B0DA-C3124256E314}.Release|Any CPU.Build.0 = Release|Any CPU
		{160205E8-E9D6-4AFC-B0DA-C3124256E314}.Release|Any CPU.Deploy.0 = Release|Any CPU
	EndGlobalSection
	GlobalSection(SolutionProperties) = preSolution
		HideSolutionNode = FALSE
	EndGlobalSection
	GlobalSection(ExtensibilityGlobals) = postSolution
		SolutionGuid = {00075117-007C-4AFA-A8C7-DD375B94D436}
	EndGlobalSection
EndGlobal
